
Microsoft Visual Studio Solution File, Format Version 12.00
Project("{FAE04EC0-301F-11D3-BF4B-00C04F79EFBC}") = "CVRParamLib", "CVRParamLib\CVRParamLib.csproj", "{090CB0FF-ACCD-477F-8DF9-699B64811A93}"
EndProject
Global
	GlobalSection(SolutionConfigurationPlatforms) = preSolution
		Debug|Any CPU = Debug|Any CPU
		Release|Any CPU = Release|Any CPU
	EndGlobalSection
	GlobalSection(ProjectConfigurationPlatforms) = postSolution
		{20DD45A3-7545-430E-B062-3F7118209B0D}.Debug|Any CPU.ActiveCfg = Debug|Any CPU
		{20DD45A3-7545-430E-B062-3F7118209B0D}.Debug|Any CPU.Build.0 = Debug|Any CPU
		{20DD45A3-7545-430E-B062-3F7118209B0D}.Release|Any CPU.ActiveCfg = Release|Any CPU
		{20DD45A3-7545-430E-B062-3F7118209B0D}.Release|Any CPU.Build.0 = Release|Any CPU
		{090CB0FF-ACCD-477F-8DF9-699B64811A93}.Debug|Any CPU.ActiveCfg = Debug|Any CPU
		{090CB0FF-ACCD-477F-8DF9-699B64811A93}.Debug|Any CPU.Build.0 = Debug|Any CPU
		{090CB0FF-ACCD-477F-8DF9-699B64811A93}.Release|Any CPU.ActiveCfg = Release|Any CPU
		{090CB0FF-ACCD-477F-8DF9-699B64811A93}.Release|Any CPU.Build.0 = Release|Any CPU
		{70F42126-1CCE-4031-B030-5B3944CFBF17}.Debug|Any CPU.ActiveCfg = Debug|Any CPU
		{70F42126-1CCE-4031-B030-5B3944CFBF17}.Debug|Any CPU.Build.0 = Debug|Any CPU
		{70F42126-1CCE-4031-B030-5B3944CFBF17}.Release|Any CPU.ActiveCfg = Release|Any CPU
		{70F42126-1CCE-4031-B030-5B3944CFBF17}.Release|Any CPU.Build.0 = Release|Any CPU
	EndGlobalSection
EndGlobal
